# This file is automatically @generated by Poetry 1.4.1 and should not be changed by hand.

[[package]]
name = "colorama"
version = "0.4.6"
description = "Cross-platform colored terminal text."
category = "main"
optional = false
python-versions = "!=3.0.*,!=3.1.*,!=3.2.*,!=3.3.*,!=3.4.*,!=3.5.*,!=3.6.*,>=2.7"
files = [
    {file = "colorama-0.4.6-py2.py3-none-any.whl", hash = "sha256:4f1d9991f5acc0ca119f9d443620b77f9d6b33703e51011c16baf57afb285fc6"},
    {file = "colorama-0.4.6.tar.gz", hash = "sha256:08695f5cb7ed6e0531a20572697297273c47b8cae5a63ffc6d6ed5c201be6e44"},
]

[[package]]
name = "cupy-cuda102"
version = "12.2.0"
description = "CuPy: NumPy & SciPy for GPU"
category = "main"
optional = true
python-versions = ">=3.8"
files = [
    {file = "cupy_cuda102-12.2.0-cp310-cp310-manylinux2014_aarch64.whl", hash = "sha256:d030553ce8b8f654f4ffa6b80bfa0c0f8f16c8d63a31aa55ddda127d072e2343"},
    {file = "cupy_cuda102-12.2.0-cp310-cp310-manylinux2014_x86_64.whl", hash = "sha256:c777b74be9be62b2fce8f6b9f8a174364d771b4f0b0039f8c9626b8b28b4bdaf"},
    {file = "cupy_cuda102-12.2.0-cp310-cp310-win_amd64.whl", hash = "sha256:2276e9f7726af9723488557f1979de1c34a3ff843da319220fc34ede3446beb4"},
    {file = "cupy_cuda102-12.2.0-cp311-cp311-manylinux2014_aarch64.whl", hash = "sha256:3c579856bd9cbf8ecc01d2af9984f922addd9590d46c297f0b5aff1de2fc12e4"},
    {file = "cupy_cuda102-12.2.0-cp311-cp311-manylinux2014_x86_64.whl", hash = "sha256:339f623093cc4c933af56a9cb6db478d730dd7721db580c89374a16002711d57"},
    {file = "cupy_cuda102-12.2.0-cp311-cp311-win_amd64.whl", hash = "sha256:df0278e43bc9927110797df7ff549026b2cd77173bd739b479734af61ff83874"},
    {file = "cupy_cuda102-12.2.0-cp38-cp38-manylinux2014_aarch64.whl", hash = "sha256:350e226420edce4b1152ec3bcf4202fb70ab9544e030a152f3e0fe7df2b35c54"},
    {file = "cupy_cuda102-12.2.0-cp38-cp38-manylinux2014_x86_64.whl", hash = "sha256:4948017d1bc07a9fe86679e0fe0826e59f6b708ffd49faa141d5950320f51e7b"},
    {file = "cupy_cuda102-12.2.0-cp38-cp38-win_amd64.whl", hash = "sha256:9aa916bdb5100092811fff9365f7626c8090affd1031d64b1e5ff49720853f81"},
    {file = "cupy_cuda102-12.2.0-cp39-cp39-manylinux2014_aarch64.whl", hash = "sha256:d843ad35ed998ec288ad423b4eed0645ac973354170844ddcdc104c5bf4afea3"},
    {file = "cupy_cuda102-12.2.0-cp39-cp39-manylinux2014_x86_64.whl", hash = "sha256:f7a8649df759d5387ad785b0ccfc3183c98493854dd174e37c37f41a05ebe1e0"},
    {file = "cupy_cuda102-12.2.0-cp39-cp39-win_amd64.whl", hash = "sha256:d722e21ed14b2a6a00270eb7073b2ecbe1f1abd456afeb55ab0adc13e6e2c038"},
]

[package.dependencies]
fastrlock = ">=0.5"
numpy = ">=1.20,<1.27"

[package.extras]
all = ["Cython (>=0.29.22,<3)", "optuna (>=2.0)", "scipy (>=1.6,<1.13)"]
stylecheck = ["autopep8 (==1.5.5)", "flake8 (==3.8.4)", "mypy (==1.4.1)", "pbr (==5.5.1)", "pycodestyle (==2.6.0)", "types-setuptools (==57.4.14)"]
test = ["hypothesis (>=6.37.2,<6.55.0)", "pytest (>=7.2)"]

[[package]]
name = "cupy-cuda110"
version = "12.2.0"
description = "CuPy: NumPy & SciPy for GPU"
category = "main"
optional = true
python-versions = ">=3.8"
files = [
    {file = "cupy_cuda110-12.2.0-cp310-cp310-manylinux2014_x86_64.whl", hash = "sha256:f6c99ddc57574cd2881a3f7245ef5bb743f97e94f8fef2f156e3b3bf182e9ef4"},
    {file = "cupy_cuda110-12.2.0-cp310-cp310-win_amd64.whl", hash = "sha256:e25b75931525875f9b9f75f5ff7d093c4aece239d06cc055bbee41844f026525"},
    {file = "cupy_cuda110-12.2.0-cp311-cp311-manylinux2014_x86_64.whl", hash = "sha256:537443cd69667cf89fb40f384d0af1e61449e3083853fa3b14930ddd5a97955d"},
    {file = "cupy_cuda110-12.2.0-cp311-cp311-win_amd64.whl", hash = "sha256:636d99bed70b6c3677e86ffb5c4eef07a67254b4bf8e19e030de82984df5f945"},
    {file = "cupy_cuda110-12.2.0-cp38-cp38-manylinux2014_x86_64.whl", hash = "sha256:6ca5c6c0f8531ad83d6e10b77ea4cb23207394461a5b4747990ef49643468a61"},
    {file = "cupy_cuda110-12.2.0-cp38-cp38-win_amd64.whl", hash = "sha256:605b412a87bca41fbfff574375b54371565f1872f9c988e68bd7fa811942d839"},
    {file = "cupy_cuda110-12.2.0-cp39-cp39-manylinux2014_x86_64.whl", hash = "sha256:f52887b95c61634b1036a128e9475334d3cf117fc9513e922d54418d25a48a31"},
    {file = "cupy_cuda110-12.2.0-cp39-cp39-win_amd64.whl", hash = "sha256:42e3759c7be23847539d9439224df3903296cf2d61f3082f83716bf67de7e160"},
]

[package.dependencies]
fastrlock = ">=0.5"
numpy = ">=1.20,<1.27"

[package.extras]
all = ["Cython (>=0.29.22,<3)", "optuna (>=2.0)", "scipy (>=1.6,<1.13)"]
stylecheck = ["autopep8 (==1.5.5)", "flake8 (==3.8.4)", "mypy (==1.4.1)", "pbr (==5.5.1)", "pycodestyle (==2.6.0)", "types-setuptools (==57.4.14)"]
test = ["hypothesis (>=6.37.2,<6.55.0)", "pytest (>=7.2)"]

[[package]]
name = "cupy-cuda111"
version = "12.2.0"
description = "CuPy: NumPy & SciPy for GPU"
category = "main"
optional = true
python-versions = ">=3.8"
files = [
    {file = "cupy_cuda111-12.2.0-cp310-cp310-manylinux2014_x86_64.whl", hash = "sha256:0b486757b456e3ffe4b0b48935f4d2e86522d21b5e7a9184b9e1dbd32c02c587"},
    {file = "cupy_cuda111-12.2.0-cp310-cp310-win_amd64.whl", hash = "sha256:e954737e1c8e7b3cb341154f0080746f53ba61cc932e2a9a855534a78d5ddf89"},
    {file = "cupy_cuda111-12.2.0-cp311-cp311-manylinux2014_x86_64.whl", hash = "sha256:5fbe01fdc949aa357a3b6a92bb057bc873a23e96f398e8d385b7ce6e33170779"},
    {file = "cupy_cuda111-12.2.0-cp311-cp311-win_amd64.whl", hash = "sha256:7670131b6d24f3c564cfed364eda0db88dcdb2a4e137976b05684a98e482ccfb"},
    {file = "cupy_cuda111-12.2.0-cp38-cp38-manylinux2014_x86_64.whl", hash = "sha256:cb50d223c99dc590629f8e25255bbc8d2035f7365412fd1a12c12d36552f6945"},
    {file = "cupy_cuda111-12.2.0-cp38-cp38-win_amd64.whl", hash = "sha256:3ea34869903517fe676efcf71ad9d9b178d2197b45af3c2fdf66662280bb85d3"},
    {file = "cupy_cuda111-12.2.0-cp39-cp39-manylinux2014_x86_64.whl", hash = "sha256:c3100b176e2e5934e39c8f05236aa3b31de9ffe96fb59fbfa808bf228c4ca4cb"},
    {file = "cupy_cuda111-12.2.0-cp39-cp39-win_amd64.whl", hash = "sha256:33272f974afbc526707ea63d2d4afb61c7bb8932e7ba84157b94dfae1552810d"},
]

[package.dependencies]
fastrlock = ">=0.5"
numpy = ">=1.20,<1.27"

[package.extras]
all = ["Cython (>=0.29.22,<3)", "optuna (>=2.0)", "scipy (>=1.6,<1.13)"]
stylecheck = ["autopep8 (==1.5.5)", "flake8 (==3.8.4)", "mypy (==1.4.1)", "pbr (==5.5.1)", "pycodestyle (==2.6.0)", "types-setuptools (==57.4.14)"]
test = ["hypothesis (>=6.37.2,<6.55.0)", "pytest (>=7.2)"]

[[package]]
name = "cupy-cuda11x"
version = "12.2.0"
description = "CuPy: NumPy & SciPy for GPU"
category = "main"
optional = true
python-versions = ">=3.8"
files = [
    {file = "cupy_cuda11x-12.2.0-cp310-cp310-manylinux2014_aarch64.whl", hash = "sha256:f3b1991e4e25f52581f79b88c8d19c3e31fa739260b7080c813d7fb287ae8e7f"},
    {file = "cupy_cuda11x-12.2.0-cp310-cp310-manylinux2014_x86_64.whl", hash = "sha256:ac52fd24ca5769d903bd531826d0525dbeaba66c49911ae021b9702386c8b96b"},
    {file = "cupy_cuda11x-12.2.0-cp310-cp310-win_amd64.whl", hash = "sha256:8ed1fbf14230691df3f58f841e9ca5717b4175c4276fbf88948a5bc3c6392f58"},
    {file = "cupy_cuda11x-12.2.0-cp311-cp311-manylinux2014_aarch64.whl", hash = "sha256:28eace420c9f58fa5739294d604f8aab9118b1c764f64a3ce0691f00193b11ff"},
    {file = "cupy_cuda11x-12.2.0-cp311-cp311-manylinux2014_x86_64.whl", hash = "sha256:fb3294a694ee40b6e22ba3345b04b2a35db8a19fac74f59dc7757ea87ab5b289"},
    {file = "cupy_cuda11x-12.2.0-cp311-cp311-win_amd64.whl", hash = "sha256:2e502cea9d21fefd1d8fd3747c6b46d1f916550e54d859f9083b6327a8f7ff5b"},
    {file = "cupy_cuda11x-12.2.0-cp38-cp38-manylinux2014_aarch64.whl", hash = "sha256:2fd425be7ae8f82ff68d2e8eeb37132fc9b9dfea6d3f0708419d6b9843983e42"},
    {file = "cupy_cuda11x-12.2.0-cp38-cp38-manylinux2014_x86_64.whl", hash = "sha256:fcdfe993f87c5499898692d35d3c1f30cdd249778d6102132b5bc4a6f8a867fd"},
    {file = "cupy_cuda11x-12.2.0-cp38-cp38-win_amd64.whl", hash = "sha256:66491d9c1ed93d4ee5b390ece92ed76a885c61859b403e3a6fd6f5b3a9ded116"},
    {file = "cupy_cuda11x-12.2.0-cp39-cp39-manylinux2014_aarch64.whl", hash = "sha256:ededad28104d9e0c2cb02876fd2fc5c0dfec4cc66e600b7120bb4e655857c5e3"},
    {file = "cupy_cuda11x-12.2.0-cp39-cp39-manylinux2014_x86_64.whl", hash = "sha256:ba4403d94e9eb2578f8f2667d37ef3ec8be4fbc2c7fd1ba498004d6399d0f3b6"},
    {file = "cupy_cuda11x-12.2.0-cp39-cp39-win_amd64.whl", hash = "sha256:d01138eb7cf51583b6d67281bd39f3f241d664f2d1c65af2399ed304a609dadb"},
]

[package.dependencies]
fastrlock = ">=0.5"
numpy = ">=1.20,<1.27"

[package.extras]
all = ["Cython (>=0.29.22,<3)", "optuna (>=2.0)", "scipy (>=1.6,<1.13)"]
stylecheck = ["autopep8 (==1.5.5)", "flake8 (==3.8.4)", "mypy (==1.4.1)", "pbr (==5.5.1)", "pycodestyle (==2.6.0)", "types-setuptools (==57.4.14)"]
test = ["hypothesis (>=6.37.2,<6.55.0)", "pytest (>=7.2)"]

[[package]]
name = "cupy-cuda12x"
version = "12.2.0"
description = "CuPy: NumPy & SciPy for GPU"
category = "main"
optional = true
python-versions = ">=3.8"
files = [
    {file = "cupy_cuda12x-12.2.0-cp310-cp310-manylinux2014_aarch64.whl", hash = "sha256:350cc1591d5af25aaf147974547a68f25eb9104b0fcd5fa3c89f32f4d42b88c7"},
    {file = "cupy_cuda12x-12.2.0-cp310-cp310-manylinux2014_x86_64.whl", hash = "sha256:bfcea96e5506193ea8672a8c8a3e164d023c4860e58f1165cdd4a946b136aa20"},
    {file = "cupy_cuda12x-12.2.0-cp310-cp310-win_amd64.whl", hash = "sha256:9a41ed8bece4dc2344e2afb1976690adf7ad3f9ef0a169653b5c9466e4768450"},
    {file = "cupy_cuda12x-12.2.0-cp311-cp311-manylinux2014_aarch64.whl", hash = "sha256:3e86fe1d41009418d3f2878e6f4f713a28d29a7faaa47c089f8ac05851087e9e"},
    {file = "cupy_cuda12x-12.2.0-cp311-cp311-manylinux2014_x86_64.whl", hash = "sha256:ddf743881d85e98e1ac46328f78100a5abe842793aa1fd575301c81df591e9a2"},
    {file = "cupy_cuda12x-12.2.0-cp311-cp311-win_amd64.whl", hash = "sha256:77386c53ddb5040f5cd9daa6764e3e3edc76f71b074b9a9bebec76f5da75cfa8"},
    {file = "cupy_cuda12x-12.2.0-cp38-cp38-manylinux2014_aarch64.whl", hash = "sha256:98277c47425cb59cb623fcd94fec4dfc77292ff1377f2fc4bd0d0e55c7dcf447"},
    {file = "cupy_cuda12x-12.2.0-cp38-cp38-manylinux2014_x86_64.whl", hash = "sha256:c581705d444cdeeffa016055ba449322bb2a99b5416ab5b85f140ea7333a1e7c"},
    {file = "cupy_cuda12x-12.2.0-cp38-cp38-win_amd64.whl", hash = "sha256:12d88bba2e6cae18ba48eabbb7ff23a21d073ce83047ef27a87b99414db86795"},
    {file = "cupy_cuda12x-12.2.0-cp39-cp39-manylinux2014_aarch64.whl", hash = "sha256:7d4e2b2ad37afd163d006a96b31b417142d95768846227513af7b596d731ba29"},
    {file = "cupy_cuda12x-12.2.0-cp39-cp39-manylinux2014_x86_64.whl", hash = "sha256:0406b98fb2f1780238de8fed0da5f14e689b016c5c1f0ddaecd41ee987cd7965"},
    {file = "cupy_cuda12x-12.2.0-cp39-cp39-win_amd64.whl", hash = "sha256:2ee5cb963bab52cc421ba09824e0ffdb7c6a394f35884094f73d2d1af927f0e4"},
]

[package.dependencies]
fastrlock = ">=0.5"
numpy = ">=1.20,<1.27"

[package.extras]
all = ["Cython (>=0.29.22,<3)", "optuna (>=2.0)", "scipy (>=1.6,<1.13)"]
stylecheck = ["autopep8 (==1.5.5)", "flake8 (==3.8.4)", "mypy (==1.4.1)", "pbr (==5.5.1)", "pycodestyle (==2.6.0)", "types-setuptools (==57.4.14)"]
test = ["hypothesis (>=6.37.2,<6.55.0)", "pytest (>=7.2)"]

[[package]]
name = "fastrlock"
version = "0.8.1"
description = "Fast, re-entrant optimistic lock implemented in Cython"
category = "main"
optional = true
python-versions = "*"
files = [
    {file = "fastrlock-0.8.1-cp27-cp27m-macosx_10_15_x86_64.whl", hash = "sha256:e88ad64610f709daf6763fcb73b1640489d6cc3065761f0a9a42e83e0a0ce8da"},
    {file = "fastrlock-0.8.1-cp27-cp27m-manylinux_2_5_i686.manylinux1_i686.whl", hash = "sha256:54bcea11203dd0af2b4d783487f12f4f977c098be74a56c4c4d7b60ec793e7b7"},
    {file = "fastrlock-0.8.1-cp27-cp27m-manylinux_2_5_x86_64.manylinux1_x86_64.whl", hash = "sha256:3068a7497bf3e58c71835c79c27b05b1726f45a1c5c8c333be56ce6643285e31"},
    {file = "fastrlock-0.8.1-cp27-cp27mu-manylinux_2_5_i686.manylinux1_i686.whl", hash = "sha256:62168061441c2656e440f401f6d8ebd0af94fac3e662782d12ade08b4c11e8e9"},
    {file = "fastrlock-0.8.1-cp27-cp27mu-manylinux_2_5_x86_64.manylinux1_x86_64.whl", hash = "sha256:8d4e59933a81a62ed85e7df62991120eace969ea15e4ca3321264b4ab320b76a"},
    {file = "fastrlock-0.8.1-cp310-cp310-macosx_10_15_x86_64.whl", hash = "sha256:cf3e5703e60f88a85d615e36212e411f1fce6cabfad9cc84fe3b9877b133b3c2"},
    {file = "fastrlock-0.8.1-cp310-cp310-manylinux_2_17_aarch64.manylinux2014_aarch64.manylinux_2_24_aarch64.whl", hash = "sha256:b84fb655c281bdd35376fc7bd35ff9eba647fe1d0fe770f62f6e64522f894f72"},
    {file = "fastrlock-0.8.1-cp310-cp310-manylinux_2_5_i686.manylinux1_i686.manylinux_2_24_i686.whl", hash = "sha256:f836adcdfe3d825e303aca6d26f6c58620fe6d50e86568df741ba96892c37a09"},
    {file = "fastrlock-0.8.1-cp310-cp310-manylinux_2_5_x86_64.manylinux1_x86_64.manylinux_2_24_x86_64.whl", hash = "sha256:d6c53abeae3f9a55b5c65824cec9df59159fa50e8fa800a5c6e8de42b2219c28"},
    {file = "fastrlock-0.8.1-cp310-cp310-musllinux_1_1_aarch64.whl", hash = "sha256:77dd26848251efdf216779eb7581f7bdf99893b34f6e7e8989cc92b580f20189"},
    {file = "fastrlock-0.8.1-cp310-cp310-musllinux_1_1_x86_64.whl", hash = "sha256:0055ba81eb3c4c18345cd229eee9952315e4ecedd9d41793c077892a7823be8f"},
    {file = "fastrlock-0.8.1-cp310-cp310-win_amd64.whl", hash = "sha256:b3c7738911053b418046b57fdc034a67d104fbc597b2391bee663a24f4299314"},
    {file = "fastrlock-0.8.1-cp311-cp311-macosx_10_15_universal2.whl", hash = "sha256:fc92b5de2a5c1da603e545056b816f7b3db3d46beccfcffe8dc0d8f0df7cfc6e"},
    {file = "fastrlock-0.8.1-cp311-cp311-manylinux_2_17_aarch64.manylinux2014_aarch64.manylinux_2_24_aarch64.whl", hash = "sha256:5c59b5de879bb2890a644dbe24c592467219bcf7c5c7388fb200e0022e3b741a"},
    {file = "fastrlock-0.8.1-cp311-cp311-manylinux_2_5_i686.manylinux1_i686.manylinux_2_24_i686.whl", hash = "sha256:d19841bf61a4ff671a761040815917880a153e8543d1f147537389af5cbc604a"},
    {file = "fastrlock-0.8.1-cp311-cp311-manylinux_2_5_x86_64.manylinux1_x86_64.manylinux_2_24_x86_64.whl", hash = "sha256:e7c416807063cadaf9f3f64debf5791d943dcde9089ac71016e8ca010dabaa7f"},
    {file = "fastrlock-0.8.1-cp311-cp311-musllinux_1_1_aarch64.whl", hash = "sha256:30311e09594ac0806aad517da6e0c06510f2c2fc3f8b3b2c1ae6172460fd4f6a"},
    {file = "fastrlock-0.8.1-cp311-cp311-musllinux_1_1_x86_64.whl", hash = "sha256:4d1322aa0ffe702e1cc3c002e302edea5f6b8a3af096a7b340b7f719a577669c"},
    {file = "fastrlock-0.8.1-cp311-cp311-win_amd64.whl", hash = "sha256:e683e2eb35058d4ba8576f9180f133b2367723d6ea4c3d1a3559894c8b7c9f33"},
    {file = "fastrlock-0.8.1-cp35-cp35m-macosx_10_15_x86_64.whl", hash = "sha256:826b7dbf89c4157134bc96c9df0ef2cc99f8fe2abb38bd080a0acc34172bf7df"},
    {file = "fastrlock-0.8.1-cp35-cp35m-manylinux_2_5_i686.manylinux1_i686.whl", hash = "sha256:0e6acadda18125c972b73c4787adbf688c5aa140015ea3632f38d9119cf09214"},
    {file = "fastrlock-0.8.1-cp35-cp35m-manylinux_2_5_x86_64.manylinux1_x86_64.whl", hash = "sha256:65d77bfca60672e6ccafcac7b6533d275b626a060fefa6e297cf3430b8357427"},
    {file = "fastrlock-0.8.1-cp36-cp36m-macosx_10_15_x86_64.whl", hash = "sha256:a2671b4c6fe6dff7eb83da7cf510894c83d88e4f5ca9a7515f70bc2daff31c4c"},
    {file = "fastrlock-0.8.1-cp36-cp36m-manylinux_2_17_aarch64.manylinux2014_aarch64.manylinux_2_24_aarch64.whl", hash = "sha256:551b70cd6aad03094f977f87c1ea5b19b6036eae340c2181164d15e5602e5fcb"},
    {file = "fastrlock-0.8.1-cp36-cp36m-manylinux_2_5_i686.manylinux1_i686.manylinux_2_24_i686.whl", hash = "sha256:d0c97035aca21c4b56b4ecb15d006adc0e9277ee8479fe3d709bbc261ff7c8a9"},
    {file = "fastrlock-0.8.1-cp36-cp36m-manylinux_2_5_i686.manylinux1_i686.whl", hash = "sha256:af58fc057de699dfcd9a3e16c3204696b5155ed931ccc2ec3e8e9123e56343f9"},
    {file = "fastrlock-0.8.1-cp36-cp36m-manylinux_2_5_x86_64.manylinux1_x86_64.manylinux_2_24_x86_64.whl", hash = "sha256:bb7dfe068b9925cadabf14539e4201c3391da255a6bb2d7a42e2d8b6bb167329"},
    {file = "fastrlock-0.8.1-cp36-cp36m-manylinux_2_5_x86_64.manylinux1_x86_64.whl", hash = "sha256:cdba150ab6334f94055e54e3ebda03b9804fb09ad8ebd453af4bc47ad9ddfc17"},
    {file = "fastrlock-0.8.1-cp36-cp36m-musllinux_1_1_aarch64.whl", hash = "sha256:51c3200a11797986c85c48102c0ce35f6c53b709ef123b9ac1d07c3617307125"},
    {file = "fastrlock-0.8.1-cp36-cp36m-musllinux_1_1_x86_64.whl", hash = "sha256:ec258de18ad41b9e251173d64afe70da83f852b612cf5fc51e64ad0408a0a973"},
    {file = "fastrlock-0.8.1-cp36-cp36m-win_amd64.whl", hash = "sha256:ed84c5d813abf02c809513fe286dac8a21cace71c0a4b6cb344b1aab0571a403"},
    {file = "fastrlock-0.8.1-cp37-cp37m-macosx_10_15_x86_64.whl", hash = "sha256:3a7888ce976a6d0ad699c2bdca6571beec482f460cb917978abb8c60f8150219"},
    {file = "fastrlock-0.8.1-cp37-cp37m-manylinux_2_17_aarch64.manylinux2014_aarch64.manylinux_2_24_aarch64.whl", hash = "sha256:d67418209ed0f3a0ff5ca79a8b4a05d4d5711cedd99a45223858bd0826c9112d"},
    {file = "fastrlock-0.8.1-cp37-cp37m-manylinux_2_5_i686.manylinux1_i686.manylinux_2_24_i686.whl", hash = "sha256:713158684a3c20134b55ee2442616dfba3e6bab9817dd7a8b230afecb331176e"},
    {file = "fastrlock-0.8.1-cp37-cp37m-manylinux_2_5_i686.manylinux1_i686.whl", hash = "sha256:a422bfdaaf896d8e7be6e082d7c59bfca56daa6fdd85023f4f63bfa088f7fd3f"},
    {file = "fastrlock-0.8.1-cp37-cp37m-manylinux_2_5_x86_64.manylinux1_x86_64.manylinux_2_24_x86_64.whl", hash = "sha256:f5b32366e63b5f150ce58efd0d64754310960b4cae81a2c45bf956284188271e"},
    {file = "fastrlock-0.8.1-cp37-cp37m-manylinux_2_5_x86_64.manylinux1_x86_64.whl", hash = "sha256:e88260af5a94afe3516e8819a3f77fe604fa4c71e7d4d7c96ae92f84408146e2"},
    {file = "fastrlock-0.8.1-cp37-cp37m-musllinux_1_1_aarch64.whl", hash = "sha256:2d7bcbd5258d7d2dbe1c8719c3faf6b2f62e609b51c0c80216ea624d2c423357"},
    {file = "fastrlock-0.8.1-cp37-cp37m-musllinux_1_1_x86_64.whl", hash = "sha256:537423c21e3f582b044d6aa2da7a813785e80328054099a6913545f68474b088"},
    {file = "fastrlock-0.8.1-cp37-cp37m-win_amd64.whl", hash = "sha256:cd55b2669a62f2a0eb3fa7bedc4bcca0663440ffa5401f3dc1bd2a3394fca766"},
    {file = "fastrlock-0.8.1-cp38-cp38-macosx_10_15_x86_64.whl", hash = "sha256:252cd40c2d8a412e238213d494e920d74439ae2d480ff83d72b23270cc218497"},
    {file = "fastrlock-0.8.1-cp38-cp38-manylinux_2_17_aarch64.manylinux2014_aarch64.manylinux_2_24_aarch64.whl", hash = "sha256:b9bea96dfb18fd1fbd7e18f9e2ee6868691e1c99a3dc111c267a97e49acbecba"},
    {file = "fastrlock-0.8.1-cp38-cp38-manylinux_2_5_i686.manylinux1_i686.manylinux_2_24_i686.whl", hash = "sha256:4459f0743af5b4ad5ace4bbb65162e60ed320437dcf473bf60a9f4a9a188b5cd"},
    {file = "fastrlock-0.8.1-cp38-cp38-manylinux_2_5_i686.manylinux1_i686.whl", hash = "sha256:1bccd6d2ae63995f3f0cd25770f39858f0802e45b95325f406d3fce19c41834d"},
    {file = "fastrlock-0.8.1-cp38-cp38-manylinux_2_5_x86_64.manylinux1_x86_64.manylinux_2_24_x86_64.whl", hash = "sha256:3e4c0ada1ce907a5616046eb219eb40ea0ff2bb27f4da703925c32af1537f43a"},
    {file = "fastrlock-0.8.1-cp38-cp38-manylinux_2_5_x86_64.manylinux1_x86_64.whl", hash = "sha256:b864db14be48ff32d37aee0dcd61910274742f84fcced17a0f291f985e0abdca"},
    {file = "fastrlock-0.8.1-cp38-cp38-musllinux_1_1_aarch64.whl", hash = "sha256:f2db49fd0166fb61ab00e8d3fe55ae5cbb9d566df42ccf188ab482401fc7ac5d"},
    {file = "fastrlock-0.8.1-cp38-cp38-musllinux_1_1_x86_64.whl", hash = "sha256:d38943c3e015bd92ea6b8f155eb829000fc291edad21fc58ca0acbb8dd06788f"},
    {file = "fastrlock-0.8.1-cp38-cp38-win_amd64.whl", hash = "sha256:c00c4e090ff5204830e49cccebb41372f800970466725b184089a40ca332c897"},
    {file = "fastrlock-0.8.1-cp39-cp39-macosx_10_15_x86_64.whl", hash = "sha256:187786a0bdb8c5c59d8ed6f82846306e63169c3c5437c847c548dfaf548ee958"},
    {file = "fastrlock-0.8.1-cp39-cp39-manylinux_2_17_aarch64.manylinux2014_aarch64.manylinux_2_24_aarch64.whl", hash = "sha256:801bee6ef607c2020818d006677704e20997d61524cfa1f338e141a6f017b7dd"},
    {file = "fastrlock-0.8.1-cp39-cp39-manylinux_2_5_i686.manylinux1_i686.manylinux_2_24_i686.whl", hash = "sha256:73f1df1d1e141b0e2cedc40536ee745247f0bf968526535eb9e2e7acd85e7535"},
    {file = "fastrlock-0.8.1-cp39-cp39-manylinux_2_5_i686.manylinux1_i686.whl", hash = "sha256:eb5bb4187880f6944b6213728e3e8617a4613fa9d1303fea84d0227cd81943af"},
    {file = "fastrlock-0.8.1-cp39-cp39-manylinux_2_5_x86_64.manylinux1_x86_64.manylinux_2_24_x86_64.whl", hash = "sha256:294b60ed41b746e99189260f7dc42a8c280c59c9aa9e152f89752fc102f2eefa"},
    {file = "fastrlock-0.8.1-cp39-cp39-manylinux_2_5_x86_64.manylinux1_x86_64.whl", hash = "sha256:e5122103f38c9ebdb597304b2bed3b4c3b9f2c372d649eff2f7c3be70f8f7fc1"},
    {file = "fastrlock-0.8.1-cp39-cp39-musllinux_1_1_aarch64.whl", hash = "sha256:625372f1e19c80fc90b83a167bedc785855ea63c0deb2e66aab922e346dd9517"},
    {file = "fastrlock-0.8.1-cp39-cp39-musllinux_1_1_x86_64.whl", hash = "sha256:36fdc86df2cfa7f1692cdb035338dd7f952fa50e5ea8e39569e15ff4269a8e1a"},
    {file = "fastrlock-0.8.1-cp39-cp39-win_amd64.whl", hash = "sha256:6e97a68d67bd4b19948bc119252dc2b473dbcb301aa319ae98246d86281d2b9d"},
    {file = "fastrlock-0.8.1.tar.gz", hash = "sha256:8a5f2f00021c4ac72e4dab910dc1863c0e008a2e7fb5c843933ae9bcfc3d0802"},
]

[[package]]
name = "joblib"
version = "1.3.2"
description = "Lightweight pipelining with Python functions"
category = "main"
optional = false
python-versions = ">=3.7"
files = [
    {file = "joblib-1.3.2-py3-none-any.whl", hash = "sha256:ef4331c65f239985f3f2220ecc87db222f08fd22097a3dd5698f693875f8cbb9"},
    {file = "joblib-1.3.2.tar.gz", hash = "sha256:92f865e621e17784e7955080b6d042489e3b8e294949cc44c6eac304f59772b1"},
]

[[package]]
name = "numpy"
version = "1.24.4"
description = "Fundamental package for array computing in Python"
category = "main"
optional = false
python-versions = ">=3.8"
files = [
    {file = "numpy-1.24.4-cp310-cp310-macosx_10_9_x86_64.whl", hash = "sha256:c0bfb52d2169d58c1cdb8cc1f16989101639b34c7d3ce60ed70b19c63eba0b64"},
    {file = "numpy-1.24.4-cp310-cp310-macosx_11_0_arm64.whl", hash = "sha256:ed094d4f0c177b1b8e7aa9cba7d6ceed51c0e569a5318ac0ca9a090680a6a1b1"},
    {file = "numpy-1.24.4-cp310-cp310-manylinux_2_17_aarch64.manylinux2014_aarch64.whl", hash = "sha256:79fc682a374c4a8ed08b331bef9c5f582585d1048fa6d80bc6c35bc384eee9b4"},
    {file = "numpy-1.24.4-cp310-cp310-manylinux_2_17_x86_64.manylinux2014_x86_64.whl", hash = "sha256:7ffe43c74893dbf38c2b0a1f5428760a1a9c98285553c89e12d70a96a7f3a4d6"},
    {file = "numpy-1.24.4-cp310-cp310-win32.whl", hash = "sha256:4c21decb6ea94057331e111a5bed9a79d335658c27ce2adb580fb4d54f2ad9bc"},
    {file = "numpy-1.24.4-cp310-cp310-win_amd64.whl", hash = "sha256:b4bea75e47d9586d31e892a7401f76e909712a0fd510f58f5337bea9572c571e"},
    {file = "numpy-1.24.4-cp311-cp311-macosx_10_9_x86_64.whl", hash = "sha256:f136bab9c2cfd8da131132c2cf6cc27331dd6fae65f95f69dcd4ae3c3639c810"},
    {file = "numpy-1.24.4-cp311-cp311-macosx_11_0_arm64.whl", hash = "sha256:e2926dac25b313635e4d6cf4dc4e51c8c0ebfed60b801c799ffc4c32bf3d1254"},
    {file = "numpy-1.24.4-cp311-cp311-manylinux_2_17_aarch64.manylinux2014_aarch64.whl", hash = "sha256:222e40d0e2548690405b0b3c7b21d1169117391c2e82c378467ef9ab4c8f0da7"},
    {file = "numpy-1.24.4-cp311-cp311-manylinux_2_17_x86_64.manylinux2014_x86_64.whl", hash = "sha256:7215847ce88a85ce39baf9e89070cb860c98fdddacbaa6c0da3ffb31b3350bd5"},
    {file = "numpy-1.24.4-cp311-cp311-win32.whl", hash = "sha256:4979217d7de511a8d57f4b4b5b2b965f707768440c17cb70fbf254c4b225238d"},
    {file = "numpy-1.24.4-cp311-cp311-win_amd64.whl", hash = "sha256:b7b1fc9864d7d39e28f41d089bfd6353cb5f27ecd9905348c24187a768c79694"},
    {file = "numpy-1.24.4-cp38-cp38-macosx_10_9_x86_64.whl", hash = "sha256:1452241c290f3e2a312c137a9999cdbf63f78864d63c79039bda65ee86943f61"},
    {file = "numpy-1.24.4-cp38-cp38-macosx_11_0_arm64.whl", hash = "sha256:04640dab83f7c6c85abf9cd729c5b65f1ebd0ccf9de90b270cd61935eef0197f"},
    {file = "numpy-1.24.4-cp38-cp38-manylinux_2_17_aarch64.manylinux2014_aarch64.whl", hash = "sha256:a5425b114831d1e77e4b5d812b69d11d962e104095a5b9c3b641a218abcc050e"},
    {file = "numpy-1.24.4-cp38-cp38-manylinux_2_17_x86_64.manylinux2014_x86_64.whl", hash = "sha256:dd80e219fd4c71fc3699fc1dadac5dcf4fd882bfc6f7ec53d30fa197b8ee22dc"},
    {file = "numpy-1.24.4-cp38-cp38-win32.whl", hash = "sha256:4602244f345453db537be5314d3983dbf5834a9701b7723ec28923e2889e0bb2"},
    {file = "numpy-1.24.4-cp38-cp38-win_amd64.whl", hash = "sha256:692f2e0f55794943c5bfff12b3f56f99af76f902fc47487bdfe97856de51a706"},
    {file = "numpy-1.24.4-cp39-cp39-macosx_10_9_x86_64.whl", hash = "sha256:2541312fbf09977f3b3ad449c4e5f4bb55d0dbf79226d7724211acc905049400"},
    {file = "numpy-1.24.4-cp39-cp39-macosx_11_0_arm64.whl", hash = "sha256:9667575fb6d13c95f1b36aca12c5ee3356bf001b714fc354eb5465ce1609e62f"},
    {file = "numpy-1.24.4-cp39-cp39-manylinux_2_17_aarch64.manylinux2014_aarch64.whl", hash = "sha256:f3a86ed21e4f87050382c7bc96571755193c4c1392490744ac73d660e8f564a9"},
    {file = "numpy-1.24.4-cp39-cp39-manylinux_2_17_x86_64.manylinux2014_x86_64.whl", hash = "sha256:d11efb4dbecbdf22508d55e48d9c8384db795e1b7b51ea735289ff96613ff74d"},
    {file = "numpy-1.24.4-cp39-cp39-win32.whl", hash = "sha256:6620c0acd41dbcb368610bb2f4d83145674040025e5536954782467100aa8835"},
    {file = "numpy-1.24.4-cp39-cp39-win_amd64.whl", hash = "sha256:befe2bf740fd8373cf56149a5c23a0f601e82869598d41f8e188a0e9869926f8"},
    {file = "numpy-1.24.4-pp38-pypy38_pp73-macosx_10_9_x86_64.whl", hash = "sha256:31f13e25b4e304632a4619d0e0777662c2ffea99fcae2029556b17d8ff958aef"},
    {file = "numpy-1.24.4-pp38-pypy38_pp73-manylinux_2_17_x86_64.manylinux2014_x86_64.whl", hash = "sha256:95f7ac6540e95bc440ad77f56e520da5bf877f87dca58bd095288dce8940532a"},
    {file = "numpy-1.24.4-pp38-pypy38_pp73-win_amd64.whl", hash = "sha256:e98f220aa76ca2a977fe435f5b04d7b3470c0a2e6312907b37ba6068f26787f2"},
    {file = "numpy-1.24.4.tar.gz", hash = "sha256:80f5e3a4e498641401868df4208b74581206afbee7cf7b8329daae82676d9463"},
]

[[package]]
name = "pandas"
version = "2.0.3"
description = "Powerful data structures for data analysis, time series, and statistics"
category = "main"
optional = false
python-versions = ">=3.8"
files = [
    {file = "pandas-2.0.3-cp310-cp310-macosx_10_9_x86_64.whl", hash = "sha256:e4c7c9f27a4185304c7caf96dc7d91bc60bc162221152de697c98eb0b2648dd8"},
    {file = "pandas-2.0.3-cp310-cp310-macosx_11_0_arm64.whl", hash = "sha256:f167beed68918d62bffb6ec64f2e1d8a7d297a038f86d4aed056b9493fca407f"},
    {file = "pandas-2.0.3-cp310-cp310-manylinux_2_17_aarch64.manylinux2014_aarch64.whl", hash = "sha256:ce0c6f76a0f1ba361551f3e6dceaff06bde7514a374aa43e33b588ec10420183"},
    {file = "pandas-2.0.3-cp310-cp310-manylinux_2_17_x86_64.manylinux2014_x86_64.whl", hash = "sha256:ba619e410a21d8c387a1ea6e8a0e49bb42216474436245718d7f2e88a2f8d7c0"},
    {file = "pandas-2.0.3-cp310-cp310-win32.whl", hash = "sha256:3ef285093b4fe5058eefd756100a367f27029913760773c8bf1d2d8bebe5d210"},
    {file = "pandas-2.0.3-cp310-cp310-win_amd64.whl", hash = "sha256:9ee1a69328d5c36c98d8e74db06f4ad518a1840e8ccb94a4ba86920986bb617e"},
    {file = "pandas-2.0.3-cp311-cp311-macosx_10_9_x86_64.whl", hash = "sha256:b084b91d8d66ab19f5bb3256cbd5ea661848338301940e17f4492b2ce0801fe8"},
    {file = "pandas-2.0.3-cp311-cp311-macosx_11_0_arm64.whl", hash = "sha256:37673e3bdf1551b95bf5d4ce372b37770f9529743d2498032439371fc7b7eb26"},
    {file = "pandas-2.0.3-cp311-cp311-manylinux_2_17_aarch64.manylinux2014_aarch64.whl", hash = "sha256:b9cb1e14fdb546396b7e1b923ffaeeac24e4cedd14266c3497216dd4448e4f2d"},
    {file = "pandas-2.0.3-cp311-cp311-manylinux_2_17_x86_64.manylinux2014_x86_64.whl", hash = "sha256:d9cd88488cceb7635aebb84809d087468eb33551097d600c6dad13602029c2df"},
    {file = "pandas-2.0.3-cp311-cp311-win32.whl", hash = "sha256:694888a81198786f0e164ee3a581df7d505024fbb1f15202fc7db88a71d84ebd"},
    {file = "pandas-2.0.3-cp311-cp311-win_amd64.whl", hash = "sha256:6a21ab5c89dcbd57f78d0ae16630b090eec626360085a4148693def5452d8a6b"},
    {file = "pandas-2.0.3-cp38-cp38-macosx_10_9_x86_64.whl", hash = "sha256:9e4da0d45e7f34c069fe4d522359df7d23badf83abc1d1cef398895822d11061"},
    {file = "pandas-2.0.3-cp38-cp38-macosx_11_0_arm64.whl", hash = "sha256:32fca2ee1b0d93dd71d979726b12b61faa06aeb93cf77468776287f41ff8fdc5"},
    {file = "pandas-2.0.3-cp38-cp38-manylinux_2_17_aarch64.manylinux2014_aarch64.whl", hash = "sha256:258d3624b3ae734490e4d63c430256e716f488c4fcb7c8e9bde2d3aa46c29089"},
    {file = "pandas-2.0.3-cp38-cp38-manylinux_2_17_x86_64.manylinux2014_x86_64.whl", hash = "sha256:9eae3dc34fa1aa7772dd3fc60270d13ced7346fcbcfee017d3132ec625e23bb0"},
    {file = "pandas-2.0.3-cp38-cp38-win32.whl", hash = "sha256:f3421a7afb1a43f7e38e82e844e2bca9a6d793d66c1a7f9f0ff39a795bbc5e02"},
    {file = "pandas-2.0.3-cp38-cp38-win_amd64.whl", hash = "sha256:69d7f3884c95da3a31ef82b7618af5710dba95bb885ffab339aad925c3e8ce78"},
    {file = "pandas-2.0.3-cp39-cp39-macosx_10_9_x86_64.whl", hash = "sha256:5247fb1ba347c1261cbbf0fcfba4a3121fbb4029d95d9ef4dc45406620b25c8b"},
    {file = "pandas-2.0.3-cp39-cp39-macosx_11_0_arm64.whl", hash = "sha256:81af086f4543c9d8bb128328b5d32e9986e0c84d3ee673a2ac6fb57fd14f755e"},
    {file = "pandas-2.0.3-cp39-cp39-manylinux_2_17_aarch64.manylinux2014_aarch64.whl", hash = "sha256:1994c789bf12a7c5098277fb43836ce090f1073858c10f9220998ac74f37c69b"},
    {file = "pandas-2.0.3-cp39-cp39-manylinux_2_17_x86_64.manylinux2014_x86_64.whl", hash = "sha256:5ec591c48e29226bcbb316e0c1e9423622bc7a4eaf1ef7c3c9fa1a3981f89641"},
    {file = "pandas-2.0.3-cp39-cp39-win32.whl", hash = "sha256:04dbdbaf2e4d46ca8da896e1805bc04eb85caa9a82e259e8eed00254d5e0c682"},
    {file = "pandas-2.0.3-cp39-cp39-win_amd64.whl", hash = "sha256:1168574b036cd8b93abc746171c9b4f1b83467438a5e45909fed645cf8692dbc"},
    {file = "pandas-2.0.3.tar.gz", hash = "sha256:c02f372a88e0d17f36d3093a644c73cfc1788e876a7c4bcb4020a77512e2043c"},
]

[package.dependencies]
numpy = [
    {version = ">=1.20.3", markers = "python_version < \"3.10\""},
    {version = ">=1.21.0", markers = "python_version >= \"3.10\""},
    {version = ">=1.23.2", markers = "python_version >= \"3.11\""},
]
python-dateutil = ">=2.8.2"
pytz = ">=2020.1"
tzdata = ">=2022.1"

[package.extras]
all = ["PyQt5 (>=5.15.1)", "SQLAlchemy (>=1.4.16)", "beautifulsoup4 (>=4.9.3)", "bottleneck (>=1.3.2)", "brotlipy (>=0.7.0)", "fastparquet (>=0.6.3)", "fsspec (>=2021.07.0)", "gcsfs (>=2021.07.0)", "html5lib (>=1.1)", "hypothesis (>=6.34.2)", "jinja2 (>=3.0.0)", "lxml (>=4.6.3)", "matplotlib (>=3.6.1)", "numba (>=0.53.1)", "numexpr (>=2.7.3)", "odfpy (>=1.4.1)", "openpyxl (>=3.0.7)", "pandas-gbq (>=0.15.0)", "psycopg2 (>=2.8.6)", "pyarrow (>=7.0.0)", "pymysql (>=1.0.2)", "pyreadstat (>=1.1.2)", "pytest (>=7.3.2)", "pytest-asyncio (>=0.17.0)", "pytest-xdist (>=2.2.0)", "python-snappy (>=0.6.0)", "pyxlsb (>=1.0.8)", "qtpy (>=2.2.0)", "s3fs (>=2021.08.0)", "scipy (>=1.7.1)", "tables (>=3.6.1)", "tabulate (>=0.8.9)", "xarray (>=0.21.0)", "xlrd (>=2.0.1)", "xlsxwriter (>=1.4.3)", "zstandard (>=0.15.2)"]
aws = ["s3fs (>=2021.08.0)"]
clipboard = ["PyQt5 (>=5.15.1)", "qtpy (>=2.2.0)"]
compression = ["brotlipy (>=0.7.0)", "python-snappy (>=0.6.0)", "zstandard (>=0.15.2)"]
computation = ["scipy (>=1.7.1)", "xarray (>=0.21.0)"]
excel = ["odfpy (>=1.4.1)", "openpyxl (>=3.0.7)", "pyxlsb (>=1.0.8)", "xlrd (>=2.0.1)", "xlsxwriter (>=1.4.3)"]
feather = ["pyarrow (>=7.0.0)"]
fss = ["fsspec (>=2021.07.0)"]
gcp = ["gcsfs (>=2021.07.0)", "pandas-gbq (>=0.15.0)"]
hdf5 = ["tables (>=3.6.1)"]
html = ["beautifulsoup4 (>=4.9.3)", "html5lib (>=1.1)", "lxml (>=4.6.3)"]
mysql = ["SQLAlchemy (>=1.4.16)", "pymysql (>=1.0.2)"]
output-formatting = ["jinja2 (>=3.0.0)", "tabulate (>=0.8.9)"]
parquet = ["pyarrow (>=7.0.0)"]
performance = ["bottleneck (>=1.3.2)", "numba (>=0.53.1)", "numexpr (>=2.7.1)"]
plot = ["matplotlib (>=3.6.1)"]
postgresql = ["SQLAlchemy (>=1.4.16)", "psycopg2 (>=2.8.6)"]
spss = ["pyreadstat (>=1.1.2)"]
sql-other = ["SQLAlchemy (>=1.4.16)"]
test = ["hypothesis (>=6.34.2)", "pytest (>=7.3.2)", "pytest-asyncio (>=0.17.0)", "pytest-xdist (>=2.2.0)"]
xml = ["lxml (>=4.6.3)"]

[[package]]
name = "python-dateutil"
version = "2.8.2"
description = "Extensions to the standard Python datetime module"
category = "main"
optional = false
python-versions = "!=3.0.*,!=3.1.*,!=3.2.*,>=2.7"
files = [
    {file = "python-dateutil-2.8.2.tar.gz", hash = "sha256:0123cacc1627ae19ddf3c27a5de5bd67ee4586fbdd6440d9748f8abb483d3e86"},
    {file = "python_dateutil-2.8.2-py2.py3-none-any.whl", hash = "sha256:961d03dc3453ebbc59dbdea9e4e11c5651520a876d0f4db161e8674aae935da9"},
]

[package.dependencies]
six = ">=1.5"

[[package]]
name = "pytz"
version = "2023.3"
description = "World timezone definitions, modern and historical"
category = "main"
optional = false
python-versions = "*"
files = [
    {file = "pytz-2023.3-py2.py3-none-any.whl", hash = "sha256:a151b3abb88eda1d4e34a9814df37de2a80e301e68ba0fd856fb9b46bfbbbffb"},
    {file = "pytz-2023.3.tar.gz", hash = "sha256:1d8ce29db189191fb55338ee6d0387d82ab59f3d00eac103412d64e0ebd0c588"},
]

[[package]]
name = "scikit-learn"
version = "1.3.0"
description = "A set of python modules for machine learning and data mining"
category = "main"
optional = false
python-versions = ">=3.8"
files = [
    {file = "scikit-learn-1.3.0.tar.gz", hash = "sha256:8be549886f5eda46436b6e555b0e4873b4f10aa21c07df45c4bc1735afbccd7a"},
    {file = "scikit_learn-1.3.0-cp310-cp310-macosx_10_9_x86_64.whl", hash = "sha256:981287869e576d42c682cf7ca96af0c6ac544ed9316328fd0d9292795c742cf5"},
    {file = "scikit_learn-1.3.0-cp310-cp310-macosx_12_0_arm64.whl", hash = "sha256:436aaaae2c916ad16631142488e4c82f4296af2404f480e031d866863425d2a2"},
    {file = "scikit_learn-1.3.0-cp310-cp310-manylinux_2_17_aarch64.manylinux2014_aarch64.whl", hash = "sha256:c7e28d8fa47a0b30ae1bd7a079519dd852764e31708a7804da6cb6f8b36e3630"},
    {file = "scikit_learn-1.3.0-cp310-cp310-manylinux_2_17_x86_64.manylinux2014_x86_64.whl", hash = "sha256:ae80c08834a473d08a204d966982a62e11c976228d306a2648c575e3ead12111"},
    {file = "scikit_learn-1.3.0-cp310-cp310-win_amd64.whl", hash = "sha256:552fd1b6ee22900cf1780d7386a554bb96949e9a359999177cf30211e6b20df6"},
    {file = "scikit_learn-1.3.0-cp311-cp311-macosx_10_9_x86_64.whl", hash = "sha256:79970a6d759eb00a62266a31e2637d07d2d28446fca8079cf9afa7c07b0427f8"},
    {file = "scikit_learn-1.3.0-cp311-cp311-macosx_12_0_arm64.whl", hash = "sha256:850a00b559e636b23901aabbe79b73dc604b4e4248ba9e2d6e72f95063765603"},
    {file = "scikit_learn-1.3.0-cp311-cp311-manylinux_2_17_aarch64.manylinux2014_aarch64.whl", hash = "sha256:ee04835fb016e8062ee9fe9074aef9b82e430504e420bff51e3e5fffe72750ca"},
    {file = "scikit_learn-1.3.0-cp311-cp311-manylinux_2_17_x86_64.manylinux2014_x86_64.whl", hash = "sha256:9d953531f5d9f00c90c34fa3b7d7cfb43ecff4c605dac9e4255a20b114a27369"},
    {file = "scikit_learn-1.3.0-cp311-cp311-win_amd64.whl", hash = "sha256:151ac2bf65ccf363664a689b8beafc9e6aae36263db114b4ca06fbbbf827444a"},
    {file = "scikit_learn-1.3.0-cp38-cp38-macosx_10_9_x86_64.whl", hash = "sha256:6a885a9edc9c0a341cab27ec4f8a6c58b35f3d449c9d2503a6fd23e06bbd4f6a"},
    {file = "scikit_learn-1.3.0-cp38-cp38-macosx_12_0_arm64.whl", hash = "sha256:9877af9c6d1b15486e18a94101b742e9d0d2f343d35a634e337411ddb57783f3"},
    {file = "scikit_learn-1.3.0-cp38-cp38-manylinux_2_17_aarch64.manylinux2014_aarch64.whl", hash = "sha256:c470f53cea065ff3d588050955c492793bb50c19a92923490d18fcb637f6383a"},
    {file = "scikit_learn-1.3.0-cp38-cp38-manylinux_2_17_x86_64.manylinux2014_x86_64.whl", hash = "sha256:fd6e2d7389542eae01077a1ee0318c4fec20c66c957f45c7aac0c6eb0fe3c612"},
    {file = "scikit_learn-1.3.0-cp38-cp38-win_amd64.whl", hash = "sha256:3a11936adbc379a6061ea32fa03338d4ca7248d86dd507c81e13af428a5bc1db"},
    {file = "scikit_learn-1.3.0-cp39-cp39-macosx_10_9_x86_64.whl", hash = "sha256:998d38fcec96584deee1e79cd127469b3ad6fefd1ea6c2dfc54e8db367eb396b"},
    {file = "scikit_learn-1.3.0-cp39-cp39-macosx_12_0_arm64.whl", hash = "sha256:ded35e810438a527e17623ac6deae3b360134345b7c598175ab7741720d7ffa7"},
    {file = "scikit_learn-1.3.0-cp39-cp39-manylinux_2_17_aarch64.manylinux2014_aarch64.whl", hash = "sha256:0e8102d5036e28d08ab47166b48c8d5e5810704daecf3a476a4282d562be9a28"},
    {file = "scikit_learn-1.3.0-cp39-cp39-manylinux_2_17_x86_64.manylinux2014_x86_64.whl", hash = "sha256:7617164951c422747e7c32be4afa15d75ad8044f42e7d70d3e2e0429a50e6718"},
    {file = "scikit_learn-1.3.0-cp39-cp39-win_amd64.whl", hash = "sha256:1d54fb9e6038284548072df22fd34777e434153f7ffac72c8596f2d6987110dd"},
]

[package.dependencies]
joblib = ">=1.1.1"
numpy = ">=1.17.3"
scipy = ">=1.5.0"
threadpoolctl = ">=2.0.0"

[package.extras]
benchmark = ["matplotlib (>=3.1.3)", "memory-profiler (>=0.57.0)", "pandas (>=1.0.5)"]
docs = ["Pillow (>=7.1.2)", "matplotlib (>=3.1.3)", "memory-profiler (>=0.57.0)", "numpydoc (>=1.2.0)", "pandas (>=1.0.5)", "plotly (>=5.14.0)", "pooch (>=1.6.0)", "scikit-image (>=0.16.2)", "seaborn (>=0.9.0)", "sphinx (>=6.0.0)", "sphinx-copybutton (>=0.5.2)", "sphinx-gallery (>=0.10.1)", "sphinx-prompt (>=1.3.0)", "sphinxext-opengraph (>=0.4.2)"]
examples = ["matplotlib (>=3.1.3)", "pandas (>=1.0.5)", "plotly (>=5.14.0)", "pooch (>=1.6.0)", "scikit-image (>=0.16.2)", "seaborn (>=0.9.0)"]
tests = ["black (>=23.3.0)", "matplotlib (>=3.1.3)", "mypy (>=1.3)", "numpydoc (>=1.2.0)", "pandas (>=1.0.5)", "pooch (>=1.6.0)", "pyamg (>=4.0.0)", "pytest (>=7.1.2)", "pytest-cov (>=2.9.0)", "ruff (>=0.0.272)", "scikit-image (>=0.16.2)"]

[[package]]
name = "scipy"
version = "1.10.1"
description = "Fundamental algorithms for scientific computing in Python"
category = "main"
optional = false
python-versions = "<3.12,>=3.8"
files = [
    {file = "scipy-1.10.1-cp310-cp310-macosx_10_9_x86_64.whl", hash = "sha256:e7354fd7527a4b0377ce55f286805b34e8c54b91be865bac273f527e1b839019"},
    {file = "scipy-1.10.1-cp310-cp310-macosx_12_0_arm64.whl", hash = "sha256:4b3f429188c66603a1a5c549fb414e4d3bdc2a24792e061ffbd607d3d75fd84e"},
    {file = "scipy-1.10.1-cp310-cp310-manylinux_2_17_aarch64.manylinux2014_aarch64.whl", hash = "sha256:1553b5dcddd64ba9a0d95355e63fe6c3fc303a8fd77c7bc91e77d61363f7433f"},
    {file = "scipy-1.10.1-cp310-cp310-manylinux_2_17_x86_64.manylinux2014_x86_64.whl", hash = "sha256:4c0ff64b06b10e35215abce517252b375e580a6125fd5fdf6421b98efbefb2d2"},
    {file = "scipy-1.10.1-cp310-cp310-win_amd64.whl", hash = "sha256:fae8a7b898c42dffe3f7361c40d5952b6bf32d10c4569098d276b4c547905ee1"},
    {file = "scipy-1.10.1-cp311-cp311-macosx_10_9_x86_64.whl", hash = "sha256:0f1564ea217e82c1bbe75ddf7285ba0709ecd503f048cb1236ae9995f64217bd"},
    {file = "scipy-1.10.1-cp311-cp311-macosx_12_0_arm64.whl", hash = "sha256:d925fa1c81b772882aa55bcc10bf88324dadb66ff85d548c71515f6689c6dac5"},
    {file = "scipy-1.10.1-cp311-cp311-manylinux_2_17_aarch64.manylinux2014_aarch64.whl", hash = "sha256:aaea0a6be54462ec027de54fca511540980d1e9eea68b2d5c1dbfe084797be35"},
    {file = "scipy-1.10.1-cp311-cp311-manylinux_2_17_x86_64.manylinux2014_x86_64.whl", hash = "sha256:15a35c4242ec5f292c3dd364a7c71a61be87a3d4ddcc693372813c0b73c9af1d"},
    {file = "scipy-1.10.1-cp311-cp311-win_amd64.whl", hash = "sha256:43b8e0bcb877faf0abfb613d51026cd5cc78918e9530e375727bf0625c82788f"},
    {file = "scipy-1.10.1-cp38-cp38-macosx_10_9_x86_64.whl", hash = "sha256:5678f88c68ea866ed9ebe3a989091088553ba12c6090244fdae3e467b1139c35"},
    {file = "scipy-1.10.1-cp38-cp38-macosx_12_0_arm64.whl", hash = "sha256:39becb03541f9e58243f4197584286e339029e8908c46f7221abeea4b749fa88"},
    {file = "scipy-1.10.1-cp38-cp38-manylinux_2_17_aarch64.manylinux2014_aarch64.whl", hash = "sha256:bce5869c8d68cf383ce240e44c1d9ae7c06078a9396df68ce88a1230f93a30c1"},
    {file = "scipy-1.10.1-cp38-cp38-manylinux_2_17_x86_64.manylinux2014_x86_64.whl", hash = "sha256:07c3457ce0b3ad5124f98a86533106b643dd811dd61b548e78cf4c8786652f6f"},
    {file = "scipy-1.10.1-cp38-cp38-win_amd64.whl", hash = "sha256:049a8bbf0ad95277ffba9b3b7d23e5369cc39e66406d60422c8cfef40ccc8415"},
    {file = "scipy-1.10.1-cp39-cp39-macosx_10_9_x86_64.whl", hash = "sha256:cd9f1027ff30d90618914a64ca9b1a77a431159df0e2a195d8a9e8a04c78abf9"},
    {file = "scipy-1.10.1-cp39-cp39-macosx_12_0_arm64.whl", hash = "sha256:79c8e5a6c6ffaf3a2262ef1be1e108a035cf4f05c14df56057b64acc5bebffb6"},
    {file = "scipy-1.10.1-cp39-cp39-manylinux_2_17_aarch64.manylinux2014_aarch64.whl", hash = "sha256:51af417a000d2dbe1ec6c372dfe688e041a7084da4fdd350aeb139bd3fb55353"},
    {file = "scipy-1.10.1-cp39-cp39-manylinux_2_17_x86_64.manylinux2014_x86_64.whl", hash = "sha256:1b4735d6c28aad3cdcf52117e0e91d6b39acd4272f3f5cd9907c24ee931ad601"},
    {file = "scipy-1.10.1-cp39-cp39-win_amd64.whl", hash = "sha256:7ff7f37b1bf4417baca958d254e8e2875d0cc23aaadbe65b3d5b3077b0eb23ea"},
    {file = "scipy-1.10.1.tar.gz", hash = "sha256:2cf9dfb80a7b4589ba4c40ce7588986d6d5cebc5457cad2c2880f6bc2d42f3a5"},
]

[package.dependencies]
numpy = ">=1.19.5,<1.27.0"

[package.extras]
dev = ["click", "doit (>=0.36.0)", "flake8", "mypy", "pycodestyle", "pydevtool", "rich-click", "typing_extensions"]
doc = ["matplotlib (>2)", "numpydoc", "pydata-sphinx-theme (==0.9.0)", "sphinx (!=4.1.0)", "sphinx-design (>=0.2.0)"]
test = ["asv", "gmpy2", "mpmath", "pooch", "pytest", "pytest-cov", "pytest-timeout", "pytest-xdist", "scikit-umfpack", "threadpoolctl"]

[[package]]
name = "six"
version = "1.16.0"
description = "Python 2 and 3 compatibility utilities"
category = "main"
optional = false
python-versions = ">=2.7, !=3.0.*, !=3.1.*, !=3.2.*"
files = [
    {file = "six-1.16.0-py2.py3-none-any.whl", hash = "sha256:8abb2f1d86890a2dfb989f9a77cfcfd3e47c2a354b01111771326f8aa26e0254"},
    {file = "six-1.16.0.tar.gz", hash = "sha256:1e61c37477a1626458e36f7b1d82aa5c9b094fa4802892072e49de9c60c4c926"},
]

[[package]]
name = "threadpoolctl"
version = "3.2.0"
description = "threadpoolctl"
category = "main"
optional = false
python-versions = ">=3.8"
files = [
    {file = "threadpoolctl-3.2.0-py3-none-any.whl", hash = "sha256:2b7818516e423bdaebb97c723f86a7c6b0a83d3f3b0970328d66f4d9104dc032"},
    {file = "threadpoolctl-3.2.0.tar.gz", hash = "sha256:c96a0ba3bdddeaca37dc4cc7344aafad41cdb8c313f74fdfe387a867bba93355"},
]

[[package]]
name = "tqdm"
version = "4.66.1"
description = "Fast, Extensible Progress Meter"
category = "main"
optional = false
python-versions = ">=3.7"
files = [
    {file = "tqdm-4.66.1-py3-none-any.whl", hash = "sha256:d302b3c5b53d47bce91fea46679d9c3c6508cf6332229aa1e7d8653723793386"},
    {file = "tqdm-4.66.1.tar.gz", hash = "sha256:d88e651f9db8d8551a62556d3cff9e3034274ca5d66e93197cf2490e2dcb69c7"},
]

[package.dependencies]
colorama = {version = "*", markers = "platform_system == \"Windows\""}

[package.extras]
dev = ["pytest (>=6)", "pytest-cov", "pytest-timeout", "pytest-xdist"]
notebook = ["ipywidgets (>=6)"]
slack = ["slack-sdk"]
telegram = ["requests"]

[[package]]
name = "tzdata"
version = "2023.3"
description = "Provider of IANA time zone data"
category = "main"
optional = false
python-versions = ">=2"
files = [
    {file = "tzdata-2023.3-py2.py3-none-any.whl", hash = "sha256:7e65763eef3120314099b6939b5546db7adce1e7d6f2e179e3df563c70511eda"},
    {file = "tzdata-2023.3.tar.gz", hash = "sha256:11ef1e08e54acb0d4f95bdb1be05da659673de4acbd21bf9c69e94cc5e907a3a"},
]

[extras]
cuda102 = ["cupy-cuda102"]
cuda110 = ["cupy-cuda110"]
cuda111 = ["cupy-cuda111"]
cuda11x = ["cupy-cuda11x"]
cuda12x = ["cupy-cuda12x"]

[metadata]
lock-version = "2.0"
python-versions = "<3.12,>=3.8"
content-hash = "c0bd3a9aeb4b395df2e4aa6d5a9dfa7994790f7dd6dcdd47614b01b82ce70717"
